{
  "pins" : [
    {
      "identity" : "alamofire",
      "kind" : "remoteSourceControl",
      "location" : "https://github.com/Alamofire/Alamofire",
      "state" : {
        "revision" : "8dd85aee02e39dd280c75eef88ffdb86eed4b07b",
        "version" : "5.6.2"
      }
    },
    {
      "identity" : "core",
      "kind" : "remoteSourceControl",
      "location" : "https://github.com/ekomeidianto/Core",
      "state" : {
        "branch" : "main",
        "revision" : "de02c6b2ec290c90c877638e0b4f9e5e232b7c3b"
      }
    },
    {
      "identity" : "realm-core",
      "kind" : "remoteSourceControl",
      "location" : "https://github.com/realm/realm-core",
      "state" : {
        "revision" : "3c4b86da569368c4ee5ccca2a112d511cc6fa936",
        "version" : "12.11.0"
      }
    },
    {
      "identity" : "realm-swift",
      "kind" : "remoteSourceControl",
      "location" : "https://github.com/realm/realm-swift.git",
      "state" : {
        "revision" : "72a0dd9dc0ec1bab417155471191ef68e1bb0eaf",
        "version" : "10.32.3"
      }
    },
    {
      "identity" : "sdwebimage",
      "kind" : "remoteSourceControl",
      "location" : "https://github.com/SDWebImage/SDWebImage.git",
      "state" : {
        "revision" : "9248fe561a2a153916fb9597e3af4434784c6d32",
        "version" : "5.13.4"
      }
    },
    {
      "identity" : "sdwebimageswiftui",
      "kind" : "remoteSourceControl",
      "location" : "https://github.com/SDWebImage/SDWebImageSwiftUI.git",
      "state" : {
        "revision" : "ed288667c909c89127ab1b690113a3e397af3098",
        "version" : "2.2.1"
      }
    }
  ],
  "version" : 2
}
